
Microsoft Visual Studio Solution File, Format Version 12.00
# Visual Studio Version 16
VisualStudioVersion = 16.0.30717.126
MinimumVisualStudioVersion = 15.0.26124.0
Project("{2150E333-8FDC-42A3-9474-1A3956D46DE8}") = "src", "src", "{E4D66E25-7A73-472F-9EBD-C7B18B43CB89}"
EndProject
Project("{2150E333-8FDC-42A3-9474-1A3956D46DE8}") = "Solution items", "Solution items", "{21F022E0-8D67-4C21-A144-8F213A7B852B}"
	ProjectSection(SolutionItems) = preProject
		.gitignore = .gitignore
		LICENSE = LICENSE
		README.md = README.md
	EndProjectSection
EndProject
Project("{FAE04EC0-301F-11D3-BF4B-00C04F79EFBC}") = "Asynchronous.Web", "src\Asynchronous.Web\Asynchronous.Web.csproj", "{00D40B5F-1562-4B13-8287-ADC152131E29}"
EndProject
Global
	GlobalSection(SolutionConfigurationPlatforms) = preSolution
		Debug|Any CPU = Debug|Any CPU
		Release|Any CPU = Release|Any CPU
	EndGlobalSection
	GlobalSection(ProjectConfigurationPlatforms) = postSolution
		{00D40B5F-1562-4B13-8287-ADC152131E29}.Debug|Any CPU.ActiveCfg = Debug|Any CPU
		{00D40B5F-1562-4B13-8287-ADC152131E29}.Debug|Any CPU.Build.0 = Debug|Any CPU
		{00D40B5F-1562-4B13-8287-ADC152131E29}.Release|Any CPU.ActiveCfg = Release|Any CPU
		{00D40B5F-1562-4B13-8287-ADC152131E29}.Release|Any CPU.Build.0 = Release|Any CPU
	EndGlobalSection
	GlobalSection(SolutionProperties) = preSolution
		HideSolutionNode = FALSE
	EndGlobalSection
	GlobalSection(NestedProjects) = preSolution
		{00D40B5F-1562-4B13-8287-ADC152131E29} = {E4D66E25-7A73-472F-9EBD-C7B18B43CB89}
	EndGlobalSection
	GlobalSection(ExtensibilityGlobals) = postSolution
		SolutionGuid = {3056304B-F707-42A3-AD26-5E406F28E912}
	EndGlobalSection
EndGlobal
